%{"cowboy": {:hex, :cowboy, "1.0.4", "a324a8df9f2316c833a470d918aaf73ae894278b8aa6226ce7a9bf699388f878", [:make, :rebar], [{:cowlib, "~> 1.0.0", [hex: :cowlib, optional: false]}, {:ranch, "~> 1.0", [hex: :ranch, optional: false]}]},
  "cowlib": {:hex, :cowlib, "1.0.2", "9d769a1d062c9c3ac753096f868ca121e2730b9a377de23dec0f7e08b1df84ee", [:make], []},
  "dbg": {:hex, :dbg, "1.0.1", "9c29813e5df8b4d275325416523d511e315656b8ac27a60519791f9cf476d83d", [:mix], []},
  "distillery": {:hex, :distillery, "0.10.1", "14fccade4b8ab849b99e21c4bdfaa1092dbacdce8afd33f5c369c6e114385b0e", [:mix], []},
  "edown": {:git, "https://github.com/uwiger/edown.git", "754be25f71a04099c83f3ffdff268e70beeb0021", [branch: "master"]},
  "eflame": {:git, "https://github.com/slfritchie/eflame.git", "a08518142126f5fc541a3a3c4a04c27f24448bae", []},
  "eper": {:hex, :eper, "0.94.0", "f5fb2daa0df8878748e1c598428eda942a173e5121ff35c1d632129b84593a3a", [:rebar], []},
  "erlubi": {:git, "https://github.com/krestenkrab/erlubi.git", "644fd0102c4a7a777f1e6aa8cc4c1b7c5287c2fd", []},
  "ex2ms": {:hex, :ex2ms, "1.4.0", "e43b410888b45ba363ea6650db3736db3e455a0a412ec244ac633fede857bcb2", [:mix], []},
  "exprintf": {:hex, :exprintf, "0.2.0", "6c97364c75ddb848d0d6142ea3d882567369fc60f0b88a009f41470cab068a56", [:mix], []},
  "exprof": {:hex, :exprof, "0.2.0", "b03f50d0d33e2f18c8e047d9188ba765dc32daba0b553ed717a98a78561d5eaf", [:mix], [{:exprintf, "~> 0.1", [hex: :exprintf, optional: false]}]},
  "fqc": {:git, "https://github.com/project-fifo/fqc.git", "883013e96408f98b29d016fa094b8ac7410c364e", [branch: "master"]},
  "gen_stage": {:hex, :gen_stage, "0.9.0", "9daf0b5ae224405e0456b7df5a282a9a958176cdb9b963811ca38140e7e1b3c4", [:mix], []},
  "goldrush": {:hex, :goldrush, "0.1.8", "2024ba375ceea47e27ea70e14d2c483b2d8610101b4e852ef7f89163cdb6e649", [:rebar3], []},
  "hdr_histogram": {:hex, :hdr_histogram, "0.2.0", "95a7ec3c8fa354e4cfbfc8f4168ee8f07bd3965ca22b9c45b2a2c9d13b03dcec", [:rebar3], []},
  "jiffy": {:git, "https://github.com/davisp/jiffy.git", "a7db72493d2288533afbb417d5c2e6f11db84639", []},
  "lager": {:hex, :lager, "2.1.1", "8e389f916384abf5f62169969bd7515c4c252cbbda53feebbef90f47db5eaad1", [:make, :rebar], [{:goldrush, "~> 0.1.6", [hex: :goldrush, optional: false]}]},
  "mime": {:hex, :mime, "1.0.1", "05c393850524767d13a53627df71beeebb016205eb43bfbd92d14d24ec7a1b51", [:mix], []},
  "plug": {:hex, :plug, "1.2.2", "cfbda521b54c92ab8ddffb173fbaabed8d8fc94bec07cd9bb58a84c1c501b0bd", [:mix], [{:cowboy, "~> 1.0", [hex: :cowboy, optional: true]}, {:mime, "~> 1.0", [hex: :mime, optional: false]}]},
  "poison": {:hex, :poison, "3.0.0", "625ebd64d33ae2e65201c2c14d6c85c27cc8b68f2d0dd37828fde9c6920dd131", [:mix], []},
  "ranch": {:hex, :ranch, "1.2.1", "a6fb992c10f2187b46ffd17ce398ddf8a54f691b81768f9ef5f461ea7e28c762", [:make], []},
  "recon": {:hex, :recon, "2.3.2", "4444c879be323b1b133eec5241cb84bd3821ea194c740d75617e106be4744318", [:rebar3], []},
  "recon_ex": {:hex, :recon_ex, "0.9.1", "51558b6eb347753dcf9c884ba68d49dbbec607fc4296815b72a0c8995d5d3203", [:mix], [{:recon, "~> 2.3.1", [hex: :recon, optional: false]}]},
  "tap": {:hex, :tap, "0.1.4", "e64d505090290fdbaf470c60b92f0375a8a5138cc2e5f0360e9646a8984192a1", [:mix], []},
  "xmlrpc": {:git, "http://github.com/etnt/xmlrpc", "fb46463b2acadf164ec534d9e2033e194341c507", [branch: "master"]},
  "xprof": {:hex, :xprof, "1.1.0", "aeb6bdaf3cae03e4f1b7dfafe88cb6314742f2098f4c064b609abe52386ee284", [:rebar3], [{:cowboy, "1.0.4", [hex: :cowboy, optional: false]}, {:hdr_histogram, "0.2.0", [hex: :hdr_histogram, optional: false]}, {:jiffy, "0.14.7", [hex: :jiffy, optional: false]}, {:lager, "2.1.1", [hex: :lager, optional: false]}]}}
